
Microsoft Visual Studio Solution File, Format Version 12.00
# Visual Studio Version 17
VisualStudioVersion = 17.14.36705.20 d17.14
MinimumVisualStudioVersion = 10.0.40219.1
Project("{FAE04EC0-301F-11D3-BF4B-00C04F79EFBC}") = "portfolio1", "portfolio1\portfolio1.csproj", "{8C2EA3AE-E01F-40F1-8BBF-3265E007B6BD}"
EndProject
Global
	GlobalSection(SolutionConfigurationPlatforms) = preSolution
		Debug|Any CPU = Debug|Any CPU
		Release|Any CPU = Release|Any CPU
	EndGlobalSection
	GlobalSection(ProjectConfigurationPlatforms) = postSolution
		{8C2EA3AE-E01F-40F1-8BBF-3265E007B6BD}.Debug|Any CPU.ActiveCfg = Debug|Any CPU
		{8C2EA3AE-E01F-40F1-8BBF-3265E007B6BD}.Debug|Any CPU.Build.0 = Debug|Any CPU
		{8C2EA3AE-E01F-40F1-8BBF-3265E007B6BD}.Release|Any CPU.ActiveCfg = Release|Any CPU
		{8C2EA3AE-E01F-40F1-8BBF-3265E007B6BD}.Release|Any CPU.Build.0 = Release|Any CPU
	EndGlobalSection
	GlobalSection(SolutionProperties) = preSolution
		HideSolutionNode = FALSE
	EndGlobalSection
	GlobalSection(ExtensibilityGlobals) = postSolution
		SolutionGuid = {FE983B23-DC2A-4E8B-BCCB-F00AC6FB2D99}
	EndGlobalSection
EndGlobal
